
Microsoft Visual Studio Solution File, Format Version 12.00
# Visual Studio Version 16
VisualStudioVersion = 16.0.30114.105
MinimumVisualStudioVersion = 10.0.40219.1
Project("{2150E333-8FDC-42A3-9474-1A3956D46DE8}") = "src", "src", "{1747FE41-245D-4CBC-AA16-384C4BE77B35}"
EndProject
Project("{FAE04EC0-301F-11D3-BF4B-00C04F79EFBC}") = "IdentityServer", "src\IdentityServer\IdentityServer.csproj", "{91A13807-A002-44A0-955F-A3095C3C714F}"
EndProject
Project("{FAE04EC0-301F-11D3-BF4B-00C04F79EFBC}") = "Api", "src\Api\Api.csproj", "{1F1A86F1-8F0C-4459-841A-37483342C4F1}"
EndProject
Project("{FAE04EC0-301F-11D3-BF4B-00C04F79EFBC}") = "Client", "src\Client\Client.csproj", "{F8DE3F96-22E9-4660-91A6-411F8152D731}"
EndProject
Project("{FAE04EC0-301F-11D3-BF4B-00C04F79EFBC}") = "MvcClient", "src\MvcClient\MvcClient.csproj", "{927AFE2B-FB48-4117-8873-26A27113A9EE}"
EndProject
Project("{FAE04EC0-301F-11D3-BF4B-00C04F79EFBC}") = "JavaScriptClient", "src\JavaScriptClient\JavaScriptClient.csproj", "{1C47B6D9-30CD-415B-BCE3-255FF00D3FBD}"
EndProject
Global
	GlobalSection(SolutionConfigurationPlatforms) = preSolution
		Debug|Any CPU = Debug|Any CPU
		Debug|x64 = Debug|x64
		Debug|x86 = Debug|x86
		Release|Any CPU = Release|Any CPU
		Release|x64 = Release|x64
		Release|x86 = Release|x86
	EndGlobalSection
	GlobalSection(SolutionProperties) = preSolution
		HideSolutionNode = FALSE
	EndGlobalSection
	GlobalSection(ProjectConfigurationPlatforms) = postSolution
		{91A13807-A002-44A0-955F-A3095C3C714F}.Debug|Any CPU.ActiveCfg = Debug|Any CPU
		{91A13807-A002-44A0-955F-A3095C3C714F}.Debug|Any CPU.Build.0 = Debug|Any CPU
		{91A13807-A002-44A0-955F-A3095C3C714F}.Debug|x64.ActiveCfg = Debug|Any CPU
		{91A13807-A002-44A0-955F-A3095C3C714F}.Debug|x64.Build.0 = Debug|Any CPU
		{91A13807-A002-44A0-955F-A3095C3C714F}.Debug|x86.ActiveCfg = Debug|Any CPU
		{91A13807-A002-44A0-955F-A3095C3C714F}.Debug|x86.Build.0 = Debug|Any CPU
		{91A13807-A002-44A0-955F-A3095C3C714F}.Release|Any CPU.ActiveCfg = Release|Any CPU
		{91A13807-A002-44A0-955F-A3095C3C714F}.Release|Any CPU.Build.0 = Release|Any CPU
		{91A13807-A002-44A0-955F-A3095C3C714F}.Release|x64.ActiveCfg = Release|Any CPU
		{91A13807-A002-44A0-955F-A3095C3C714F}.Release|x64.Build.0 = Release|Any CPU
		{91A13807-A002-44A0-955F-A3095C3C714F}.Release|x86.ActiveCfg = Release|Any CPU
		{91A13807-A002-44A0-955F-A3095C3C714F}.Release|x86.Build.0 = Release|Any CPU
		{1F1A86F1-8F0C-4459-841A-37483342C4F1}.Debug|Any CPU.ActiveCfg = Debug|Any CPU
		{1F1A86F1-8F0C-4459-841A-37483342C4F1}.Debug|Any CPU.Build.0 = Debug|Any CPU
		{1F1A86F1-8F0C-4459-841A-37483342C4F1}.Debug|x64.ActiveCfg = Debug|Any CPU
		{1F1A86F1-8F0C-4459-841A-37483342C4F1}.Debug|x64.Build.0 = Debug|Any CPU
		{1F1A86F1-8F0C-4459-841A-37483342C4F1}.Debug|x86.ActiveCfg = Debug|Any CPU
		{1F1A86F1-8F0C-4459-841A-37483342C4F1}.Debug|x86.Build.0 = Debug|Any CPU
		{1F1A86F1-8F0C-4459-841A-37483342C4F1}.Release|Any CPU.ActiveCfg = Release|Any CPU
		{1F1A86F1-8F0C-4459-841A-37483342C4F1}.Release|Any CPU.Build.0 = Release|Any CPU
		{1F1A86F1-8F0C-4459-841A-37483342C4F1}.Release|x64.ActiveCfg = Release|Any CPU
		{1F1A86F1-8F0C-4459-841A-37483342C4F1}.Release|x64.Build.0 = Release|Any CPU
		{1F1A86F1-8F0C-4459-841A-37483342C4F1}.Release|x86.ActiveCfg = Release|Any CPU
		{1F1A86F1-8F0C-4459-841A-37483342C4F1}.Release|x86.Build.0 = Release|Any CPU
		{F8DE3F96-22E9-4660-91A6-411F8152D731}.Debug|Any CPU.ActiveCfg = Debug|Any CPU
		{F8DE3F96-22E9-4660-91A6-411F8152D731}.Debug|Any CPU.Build.0 = Debug|Any CPU
		{F8DE3F96-22E9-4660-91A6-411F8152D731}.Debug|x64.ActiveCfg = Debug|Any CPU
		{F8DE3F96-22E9-4660-91A6-411F8152D731}.Debug|x64.Build.0 = Debug|Any CPU
		{F8DE3F96-22E9-4660-91A6-411F8152D731}.Debug|x86.ActiveCfg = Debug|Any CPU
		{F8DE3F96-22E9-4660-91A6-411F8152D731}.Debug|x86.Build.0 = Debug|Any CPU
		{F8DE3F96-22E9-4660-91A6-411F8152D731}.Release|Any CPU.ActiveCfg = Release|Any CPU
		{F8DE3F96-22E9-4660-91A6-411F8152D731}.Release|Any CPU.Build.0 = Release|Any CPU
		{F8DE3F96-22E9-4660-91A6-411F8152D731}.Release|x64.ActiveCfg = Release|Any CPU
		{F8DE3F96-22E9-4660-91A6-411F8152D731}.Release|x64.Build.0 = Release|Any CPU
		{F8DE3F96-22E9-4660-91A6-411F8152D731}.Release|x86.ActiveCfg = Release|Any CPU
		{F8DE3F96-22E9-4660-91A6-411F8152D731}.Release|x86.Build.0 = Release|Any CPU
		{927AFE2B-FB48-4117-8873-26A27113A9EE}.Debug|Any CPU.ActiveCfg = Debug|Any CPU
		{927AFE2B-FB48-4117-8873-26A27113A9EE}.Debug|Any CPU.Build.0 = Debug|Any CPU
		{927AFE2B-FB48-4117-8873-26A27113A9EE}.Debug|x64.ActiveCfg = Debug|Any CPU
		{927AFE2B-FB48-4117-8873-26A27113A9EE}.Debug|x64.Build.0 = Debug|Any CPU
		{927AFE2B-FB48-4117-8873-26A27113A9EE}.Debug|x86.ActiveCfg = Debug|Any CPU
		{927AFE2B-FB48-4117-8873-26A27113A9EE}.Debug|x86.Build.0 = Debug|Any CPU
		{927AFE2B-FB48-4117-8873-26A27113A9EE}.Release|Any CPU.ActiveCfg = Release|Any CPU
		{927AFE2B-FB48-4117-8873-26A27113A9EE}.Release|Any CPU.Build.0 = Release|Any CPU
		{927AFE2B-FB48-4117-8873-26A27113A9EE}.Release|x64.ActiveCfg = Release|Any CPU
		{927AFE2B-FB48-4117-8873-26A27113A9EE}.Release|x64.Build.0 = Release|Any CPU
		{927AFE2B-FB48-4117-8873-26A27113A9EE}.Release|x86.ActiveCfg = Release|Any CPU
		{927AFE2B-FB48-4117-8873-26A27113A9EE}.Release|x86.Build.0 = Release|Any CPU
		{1C47B6D9-30CD-415B-BCE3-255FF00D3FBD}.Debug|Any CPU.ActiveCfg = Debug|Any CPU
		{1C47B6D9-30CD-415B-BCE3-255FF00D3FBD}.Debug|Any CPU.Build.0 = Debug|Any CPU
		{1C47B6D9-30CD-415B-BCE3-255FF00D3FBD}.Debug|x64.ActiveCfg = Debug|Any CPU
		{1C47B6D9-30CD-415B-BCE3-255FF00D3FBD}.Debug|x64.Build.0 = Debug|Any CPU
		{1C47B6D9-30CD-415B-BCE3-255FF00D3FBD}.Debug|x86.ActiveCfg = Debug|Any CPU
		{1C47B6D9-30CD-415B-BCE3-255FF00D3FBD}.Debug|x86.Build.0 = Debug|Any CPU
		{1C47B6D9-30CD-415B-BCE3-255FF00D3FBD}.Release|Any CPU.ActiveCfg = Release|Any CPU
		{1C47B6D9-30CD-415B-BCE3-255FF00D3FBD}.Release|Any CPU.Build.0 = Release|Any CPU
		{1C47B6D9-30CD-415B-BCE3-255FF00D3FBD}.Release|x64.ActiveCfg = Release|Any CPU
		{1C47B6D9-30CD-415B-BCE3-255FF00D3FBD}.Release|x64.Build.0 = Release|Any CPU
		{1C47B6D9-30CD-415B-BCE3-255FF00D3FBD}.Release|x86.ActiveCfg = Release|Any CPU
		{1C47B6D9-30CD-415B-BCE3-255FF00D3FBD}.Release|x86.Build.0 = Release|Any CPU
	EndGlobalSection
	GlobalSection(NestedProjects) = preSolution
		{91A13807-A002-44A0-955F-A3095C3C714F} = {1747FE41-245D-4CBC-AA16-384C4BE77B35}
		{1F1A86F1-8F0C-4459-841A-37483342C4F1} = {1747FE41-245D-4CBC-AA16-384C4BE77B35}
		{F8DE3F96-22E9-4660-91A6-411F8152D731} = {1747FE41-245D-4CBC-AA16-384C4BE77B35}
		{927AFE2B-FB48-4117-8873-26A27113A9EE} = {1747FE41-245D-4CBC-AA16-384C4BE77B35}
		{1C47B6D9-30CD-415B-BCE3-255FF00D3FBD} = {1747FE41-245D-4CBC-AA16-384C4BE77B35}
	EndGlobalSection
EndGlobal
